// !$*UTF8*$!
{
	archiveVersion = 1;
	classes = {
	};
	objectVersion = 46;
	objects = {

/* Begin PBXBuildFile section */
		8E1607621D47EAA60003CF5C /* Extensions.swift in Sources */ = {isa = PBXBuildFile; fileRef = 8E1607611D47EAA60003CF5C /* Extensions.swift */; };
		8E1607641D47EC900003CF5C /* Particles.swift in Sources */ = {isa = PBXBuildFile; fileRef = 8E1607631D47EC900003CF5C /* Particles.swift */; };
		8E8C28541D248106003F4869 /* AppDelegate.swift in Sources */ = {isa = PBXBuildFile; fileRef = 8E8C28531D248106003F4869 /* AppDelegate.swift */; };
		8E8C28561D248106003F4869 /* ViewController.swift in Sources */ = {isa = PBXBuildFile; fileRef = 8E8C28551D248106003F4869 /* ViewController.swift */; };
		8E8C28591D248106003F4869 /* Main.storyboard in Resources */ = {isa = PBXBuildFile; fileRef = 8E8C28571D248106003F4869 /* Main.storyboard */; };
		8E8C285B1D248106003F4869 /* Assets.xcassets in Resources */ = {isa = PBXBuildFile; fileRef = 8E8C285A1D248106003F4869 /* Assets.xcassets */; };
		8E8C285E1D248106003F4869 /* LaunchScreen.storyboard in Resources */ = {isa = PBXBuildFile; fileRef = 8E8C285C1D248106003F4869 /* LaunchScreen.storyboard */; };
/* End PBXBuildFile section */

/* Begin PBXFileReference section */
		8E1607611D47EAA60003CF5C /* Extensions.swift */ = {isa = PBXFileReference; fileEncoding = 4; lastKnownFileType = sourcecode.swift; name = Extensions.swift; path = ParticleBurst/Extensions.swift; sourceTree = "<group>"; };
		8E1607631D47EC900003CF5C /* Particles.swift */ = {isa = PBXFileReference; fileEncoding = 4; lastKnownFileType = sourcecode.swift; name = Particles.swift; path = ParticleBurst/Particles.swift; sourceTree = "<group>"; };
		8E8C28501D248106003F4869 /* ParticleBurst.app */ = {isa = PBXFileReference; explicitFileType = wrapper.application; includeInIndex = 0; path = ParticleBurst.app; sourceTree = BUILT_PRODUCTS_DIR; };
		8E8C28531D248106003F4869 /* AppDelegate.swift */ = {isa = PBXFileReference; lastKnownFileType = sourcecode.swift; path = AppDelegate.swift; sourceTree = "<group>"; };
		8E8C28551D248106003F4869 /* ViewController.swift */ = {isa = PBXFileReference; lastKnownFileType = sourcecode.swift; path = ViewController.swift; sourceTree = "<group>"; };
		8E8C28581D248106003F4869 /* Base */ = {isa = PBXFileReference; lastKnownFileType = file.storyboard; name = Base; path = Base.lproj/Main.storyboard; sourceTree = "<group>"; };
		8E8C285A1D248106003F4869 /* Assets.xcassets */ = {isa = PBXFileReference; lastKnownFileType = folder.assetcatalog; path = Assets.xcassets; sourceTree = "<group>"; };
		8E8C285D1D248106003F4869 /* Base */ = {isa = PBXFileReference; lastKnownFileType = file.storyboard; name = Base; path = Base.lproj/LaunchScreen.storyboard; sourceTree = "<group>"; };
		8E8C285F1D248106003F4869 /* Info.plist */ = {isa = PBXFileReference; lastKnownFileType = text.plist.xml; path = Info.plist; sourceTree = "<group>"; };
/* End PBXFileReference section */

/* Begin PBXFrameworksBuildPhase section */
		8E8C284D1D248106003F4869 /* Frameworks */ = {
			isa = PBXFrameworksBuildPhase;
			buildActionMask = 2147483647;
			files = (
			);
			runOnlyForDeploymentPostprocessing = 0;
		};
/* End PBXFrameworksBuildPhase section */

/* Begin PBXGroup section */
		8E8C28471D248106003F4869 = {
			isa = PBXGroup;
			children = (
				8E1607631D47EC900003CF5C /* Particles.swift */,
				8E1607611D47EAA60003CF5C /* Extensions.swift */,
				8E8C28521D248106003F4869 /* ParticleBurst */,
				8E8C28511D248106003F4869 /* Products */,
			);
			sourceTree = "<group>";
		};
		8E8C28511D248106003F4869 /* Products */ = {
			isa = PBXGroup;
			children = (
				8E8C28501D248106003F4869 /* ParticleBurst.app */,
			);
			name = Products;
			sourceTree = "<group>";
		};
		8E8C28521D248106003F4869 /* ParticleBurst */ = {
			isa = PBXGroup;
			children = (
				8E8C28531D248106003F4869 /* AppDelegate.swift */,
				8E8C28551D248106003F4869 /* ViewController.swift */,
				8E8C28571D248106003F4869 /* Main.storyboard */,
				8E8C285A1D248106003F4869 /* Assets.xcassets */,
				8E8C285C1D248106003F4869 /* LaunchScreen.storyboard */,
				8E8C285F1D248106003F4869 /* Info.plist */,
			);
			path = ParticleBurst;
			sourceTree = "<group>";
		};
/* End PBXGroup section */

/* Begin PBXNativeTarget section */
		8E8C284F1D248106003F4869 /* ParticleBurst */ = {
			isa = PBXNativeTarget;
			buildConfigurationList = 8E8C28621D248106003F4869 /* Build configuration list for PBXNativeTarget "ParticleBurst" */;
			buildPhases = (
				8E8C284C1D248106003F4869 /* Sources */,
				8E8C284D1D248106003F4869 /* Frameworks */,
				8E8C284E1D248106003F4869 /* Resources */,
			);
			buildRules = (
			);
			dependencies = (
			);
			name = ParticleBurst;
			productName = ParticleBurst;
			productReference = 8E8C28501D248106003F4869 /* ParticleBurst.app */;
			productType = "com.apple.product-type.application";
		};
/* End PBXNativeTarget section */

/* Begin PBXProject section */
		8E8C28481D248106003F4869 /* Project object */ = {
			isa = PBXProject;
			attributes = {
				LastSwiftUpdateCheck = 0730;
				LastUpgradeCheck = 0730;
				ORGANIZATIONNAME = HYPH;
				TargetAttributes = {
					8E8C284F1D248106003F4869 = {
						CreatedOnToolsVersion = 7.3.1;
					};
				};
			};
			buildConfigurationList = 8E8C284B1D248106003F4869 /* Build configuration list for PBXProject "ParticleBurst" */;
			compatibilityVersion = "Xcode 3.2";
			developmentRegion = English;
			hasScannedForEncodings = 0;
			knownRegions = (
				en,
				Base,
			);
			mainGroup = 8E8C28471D248106003F4869;
			productRefGroup = 8E8C28511D248106003F4869 /* Products */;
			projectDirPath = "";
			projectRoot = "";
			targets = (
				8E8C284F1D248106003F4869 /* ParticleBurst */,
			);
		};
/* End PBXProject section */

/* Begin PBXResourcesBuildPhase section */
		8E8C284E1D248106003F4869 /* Resources */ = {
			isa = PBXResourcesBuildPhase;
			buildActionMask = 2147483647;
			files = (
				8E8C285E1D248106003F4869 /* LaunchScreen.storyboard in Resources */,
				8E8C285B1D248106003F4869 /* Assets.xcassets in Resources */,
				8E8C28591D248106003F4869 /* Main.storyboard in Resources */,
			);
			runOnlyForDeploymentPostprocessing = 0;
		};
/* End PBXResourcesBuildPhase section */

/* Begin PBXSourcesBuildPhase section */
		8E8C284C1D248106003F4869 /* Sources */ = {
			isa = PBXSourcesBuildPhase;
			buildActionMask = 2147483647;
			files = (
				8E8C28561D248106003F4869 /* ViewController.swift in Sources */,
				8E1607641D47EC900003CF5C /* Particles.swift in Sources */,
				8E1607621D47EAA60003CF5C /* Extensions.swift in Sources */,
				8E8C28541D248106003F4869 /* AppDelegate.swift in Sources */,
			);
			runOnlyForDeploymentPostprocessing = 0;
		};
/* End PBXSourcesBuildPhase section */

/* Begin PBXVariantGroup section */
		8E8C28571D248106003F4869 /* Main.storyboard */ = {
			isa = PBXVariantGroup;
			children = (
				8E8C28581D248106003F4869 /* Base */,
			);
			name = Main.storyboard;
			sourceTree = "<group>";
		};
		8E8C285C1D248106003F4869 /* LaunchScreen.storyboard */ = {
			isa = PBXVariantGroup;
			children = (
				8E8C285D1D248106003F4869 /* Base */,
			);
			name = LaunchScreen.storyboard;
			sourceTree = "<group>";
		};
/* End PBXVariantGroup section */

/* Begin XCBuildConfiguration section */
		8E8C28601D248106003F4869 /* Debug */ = {
			isa = XCBuildConfiguration;
			buildSettings = {
				ALWAYS_SEARCH_USER_PATHS = NO;
				CLANG_ANALYZER_NONNULL = YES;
				CLANG_CXX_LANGUAGE_STANDARD = "gnu++0x";
				CLANG_CXX_LIBRARY = "libc++";
				CLANG_ENABLE_MODULES = YES;
				CLANG_ENABLE_OBJC_ARC = YES;
				CLANG_WARN_BOOL_CONVERSION = YES;
				CLANG_WARN_CONSTANT_CONVERSION = YES;
				CLANG_WARN_DIRECT_OBJC_ISA_USAGE = YES_ERROR;
				CLANG_WARN_EMPTY_BODY = YES;
				CLANG_WARN_ENUM_CONVERSION = YES;
				CLANG_WARN_INT_CONVERSION = YES;
				CLANG_WARN_OBJC_ROOT_CLASS = YES_ERROR;
				CLANG_WARN_UNREACHABLE_CODE = YES;
				CLANG_WARN__DUPLICATE_METHOD_MATCH = YES;
				"CODE_SIGN_IDENTITY[sdk=iphoneos*]" = "iPhone Developer";
				COPY_PHASE_STRIP = NO;
				DEBUG_INFORMATION_FORMAT = dwarf;
				ENABLE_STRICT_OBJC_MSGSEND = YES;
				ENABLE_TESTABILITY = YES;
				GCC_C_LANGUAGE_STANDARD = gnu99;
				GCC_DYNAMIC_NO_PIC = NO;
				GCC_NO_COMMON_BLOCKS = YES;
				GCC_OPTIMIZATION_LEVEL = 0;
				GCC_PREPROCESSOR_DEFINITIONS = (
					"DEBUG=1",
					"$(inherited)",
				);
				GCC_WARN_64_TO_32_BIT_CONVERSION = YES;
				GCC_WARN_ABOUT_RETURN_TYPE = YES_ERROR;
				GCC_WARN_UNDECLARED_SELECTOR = YES;
				GCC_WARN_UNINITIALIZED_AUTOS = YES_AGGRESSIVE;
				GCC_WARN_UNUSED_FUNCTION = YES;
				GCC_WARN_UNUSED_VARIABLE = YES;
				IPHONEOS_DEPLOYMENT_TARGET = 9.3;
				MTL_ENABLE_DEBUG_INFO = YES;
				ONLY_ACTIVE_ARCH = YES;
				SDKROOT = iphoneos;
				SWIFT_OPTIMIZATION_LEVEL = "-Onone";
			};
			name = Debug;
		};
		8E8C28611D248106003F4869 /* Release */ = {
			isa = XCBuildConfiguration;
			buildSettings = {
				ALWAYS_SEARCH_USER_PATHS = NO;
				CLANG_ANALYZER_NONNULL = YES;
				CLANG_CXX_LANGUAGE_STANDARD = "gnu++0x";
				CLANG_CXX_LIBRARY = "libc++";
				CLANG_ENABLE_MODULES = YES;
				CLANG_ENABLE_OBJC_ARC = YES;
				CLANG_WARN_BOOL_CONVERSION = YES;
				CLANG_WARN_CONSTANT_CONVERSION = YES;
				CLANG_WARN_DIRECT_OBJC_ISA_USAGE = YES_ERROR;
				CLANG_WARN_EMPTY_BODY = YES;
				CLANG_WARN_ENUM_CONVERSION = YES;
				CLANG_WARN_INT_CONVERSION = YES;
				CLANG_WARN_OBJC_ROOT_CLASS = YES_ERROR;
				CLANG_WARN_UNREACHABLE_CODE = YES;
				CLANG_WARN__DUPLICATE_METHOD_MATCH = YES;
				"CODE_SIGN_IDENTITY[sdk=iphoneos*]" = "iPhone Developer";
				COPY_PHASE_STRIP = NO;
				DEBUG_INFORMATION_FORMAT = "dwarf-with-dsym";
				ENABLE_NS_ASSERTIONS = NO;
				ENABLE_STRICT_OBJC_MSGSEND = YES;
				GCC_C_LANGUAGE_STANDARD = gnu99;
				GCC_NO_COMMON_BLOCKS = YES;
				GCC_WARN_64_TO_32_BIT_CONVERSION = YES;
				GCC_WARN_ABOUT_RETURN_TYPE = YES_ERROR;
				GCC_WARN_UNDECLARED_SELECTOR = YES;
				GCC_WARN_UNINITIALIZED_AUTOS = YES_AGGRESSIVE;
				GCC_WARN_UNUSED_FUNCTION = YES;
				GCC_WARN_UNUSED_VARIABLE = YES;
				IPHONEOS_DEPLOYMENT_TARGET = 9.3;
				MTL_ENABLE_DEBUG_INFO = NO;
				SDKROOT = iphoneos;
				VALIDATE_PRODUCT = YES;
			};
			name = Release;
		};
		8E8C28631D248106003F4869 /* Debug */ = {
			isa = XCBuildConfiguration;
			buildSettings = {
				ASSETCATALOG_COMPILER_APPICON_NAME = AppIcon;
				INFOPLIST_FILE = ParticleBurst/Info.plist;
				LD_RUNPATH_SEARCH_PATHS = "$(inherited) @executable_path/Frameworks";
				PRODUCT_BUNDLE_IDENTIFIER = hyph.ParticleBurst;
				PRODUCT_NAME = "$(TARGET_NAME)";
			};
			name = Debug;
		};
		8E8C28641D248106003F4869 /* Release */ = {
			isa = XCBuildConfiguration;
			buildSettings = {
				ASSETCATALOG_COMPILER_APPICON_NAME = AppIcon;
				INFOPLIST_FILE = ParticleBurst/Info.plist;
				LD_RUNPATH_SEARCH_PATHS = "$(inherited) @executable_path/Frameworks";
				PRODUCT_BUNDLE_IDENTIFIER = hyph.ParticleBurst;
				PRODUCT_NAME = "$(TARGET_NAME)";
			};
			name = Release;
		};
/* End XCBuildConfiguration section */

/* Begin XCConfigurationList section */
		8E8C284B1D248106003F4869 /* Build configuration list for PBXProject "ParticleBurst" */ = {
			isa = XCConfigurationList;
			buildConfigurations = (
				8E8C28601D248106003F4869 /* Debug */,
				8E8C28611D248106003F4869 /* Release */,
			);
			defaultConfigurationIsVisible = 0;
			defaultConfigurationName = Release;
		};
		8E8C28621D248106003F4869 /* Build configuration list for PBXNativeTarget "ParticleBurst" */ = {
			isa = XCConfigurationList;
			buildConfigurations = (
				8E8C28631D248106003F4869 /* Debug */,
				8E8C28641D248106003F4869 /* Release */,
			);
			defaultConfigurationIsVisible = 0;
			defaultConfigurationName = Release;
		};
/* End XCConfigurationList section */
	};
	rootObject = 8E8C28481D248106003F4869 /* Project object */;
}
